
Microsoft Visual Studio Solution File, Format Version 12.00
# Visual Studio Version 17
VisualStudioVersion = 17.2.32602.215
MinimumVisualStudioVersion = 10.0.40219.1
Project("{9A19103F-16F7-4668-BE54-9A1E7A4F7556}") = "Day01", "AdventOfCode\Day01.csproj", "{A2AC7ECC-325D-48B8-ABFD-0FE68C22E09C}"
EndProject
Project("{9A19103F-16F7-4668-BE54-9A1E7A4F7556}") = "UsefulMethods", "UsefulMethods\UsefulMethods.csproj", "{C3E26CFA-A8F0-4D2A-8099-73BF460FE5A9}"
EndProject
Project("{9A19103F-16F7-4668-BE54-9A1E7A4F7556}") = "Day02", "Day02\Day02.csproj", "{757212F5-0412-40D7-AADD-662091A8342B}"
EndProject
Project("{9A19103F-16F7-4668-BE54-9A1E7A4F7556}") = "Day03", "Day03\Day03.csproj", "{443BC169-DDE0-49CD-AFEA-596A7FF4B44B}"
EndProject
Project("{FAE04EC0-301F-11D3-BF4B-00C04F79EFBC}") = "Day04", "Day04\Day04.csproj", "{7FFD7117-1233-4012-BD64-7671C54D324A}"
EndProject
Global
	GlobalSection(SolutionConfigurationPlatforms) = preSolution
		Debug|Any CPU = Debug|Any CPU
		Release|Any CPU = Release|Any CPU
	EndGlobalSection
	GlobalSection(ProjectConfigurationPlatforms) = postSolution
		{A2AC7ECC-325D-48B8-ABFD-0FE68C22E09C}.Debug|Any CPU.ActiveCfg = Debug|Any CPU
		{A2AC7ECC-325D-48B8-ABFD-0FE68C22E09C}.Debug|Any CPU.Build.0 = Debug|Any CPU
		{A2AC7ECC-325D-48B8-ABFD-0FE68C22E09C}.Release|Any CPU.ActiveCfg = Release|Any CPU
		{A2AC7ECC-325D-48B8-ABFD-0FE68C22E09C}.Release|Any CPU.Build.0 = Release|Any CPU
		{C3E26CFA-A8F0-4D2A-8099-73BF460FE5A9}.Debug|Any CPU.ActiveCfg = Debug|Any CPU
		{C3E26CFA-A8F0-4D2A-8099-73BF460FE5A9}.Debug|Any CPU.Build.0 = Debug|Any CPU
		{C3E26CFA-A8F0-4D2A-8099-73BF460FE5A9}.Release|Any CPU.ActiveCfg = Release|Any CPU
		{C3E26CFA-A8F0-4D2A-8099-73BF460FE5A9}.Release|Any CPU.Build.0 = Release|Any CPU
		{757212F5-0412-40D7-AADD-662091A8342B}.Debug|Any CPU.ActiveCfg = Debug|Any CPU
		{757212F5-0412-40D7-AADD-662091A8342B}.Debug|Any CPU.Build.0 = Debug|Any CPU
		{757212F5-0412-40D7-AADD-662091A8342B}.Release|Any CPU.ActiveCfg = Release|Any CPU
		{757212F5-0412-40D7-AADD-662091A8342B}.Release|Any CPU.Build.0 = Release|Any CPU
		{443BC169-DDE0-49CD-AFEA-596A7FF4B44B}.Debug|Any CPU.ActiveCfg = Debug|Any CPU
		{443BC169-DDE0-49CD-AFEA-596A7FF4B44B}.Debug|Any CPU.Build.0 = Debug|Any CPU
		{443BC169-DDE0-49CD-AFEA-596A7FF4B44B}.Release|Any CPU.ActiveCfg = Release|Any CPU
		{443BC169-DDE0-49CD-AFEA-596A7FF4B44B}.Release|Any CPU.Build.0 = Release|Any CPU
		{7FFD7117-1233-4012-BD64-7671C54D324A}.Debug|Any CPU.ActiveCfg = Debug|Any CPU
		{7FFD7117-1233-4012-BD64-7671C54D324A}.Debug|Any CPU.Build.0 = Debug|Any CPU
		{7FFD7117-1233-4012-BD64-7671C54D324A}.Release|Any CPU.ActiveCfg = Release|Any CPU
		{7FFD7117-1233-4012-BD64-7671C54D324A}.Release|Any CPU.Build.0 = Release|Any CPU
	EndGlobalSection
	GlobalSection(SolutionProperties) = preSolution
		HideSolutionNode = FALSE
	EndGlobalSection
	GlobalSection(ExtensibilityGlobals) = postSolution
		SolutionGuid = {49374A9A-28A6-45CC-A11A-1758D7A9B649}
	EndGlobalSection
EndGlobal
